{
  "name": "js_tutorial",
  "lockfileVersion": 2,
  "requires": true,
  "packages": {
    "": {
      "dependencies": {
        "zetta-palindrome": "^0.1.0"
      }
    },
    "node_modules/zetta-palindrome": {
      "version": "0.1.0",
      "resolved": "https://registry.npmjs.org/zetta-palindrome/-/zetta-palindrome-0.1.0.tgz",
      "integrity": "sha512-FCz6DnMlpMeT+ZVkTVfr6GUkbn/5MzjU/mAVp8WDMlg88FhMXxZ/m0Rs0x/jOyTDpqaT+ygdPrao4CTrWjcZdg=="
    }
  },
  "dependencies": {
    "zetta-palindrome": {
      "version": "0.1.0",
      "resolved": "https://registry.npmjs.org/zetta-palindrome/-/zetta-palindrome-0.1.0.tgz",
      "integrity": "sha512-FCz6DnMlpMeT+ZVkTVfr6GUkbn/5MzjU/mAVp8WDMlg88FhMXxZ/m0Rs0x/jOyTDpqaT+ygdPrao4CTrWjcZdg=="
    }
  }
}
